
Microsoft Visual Studio Solution File, Format Version 12.00
# Visual Studio Version 17
VisualStudioVersion = 17.5.33530.505
MinimumVisualStudioVersion = 10.0.40219.1
Project("{8BC9CEB8-8B4A-11D0-8D11-00A0C91BC942}") = "2304_Ulyanytskyi_1602", "2304_Ulyanytskyi_1602.vcxproj", "{AB8FBF35-7785-43E1-8E95-090BC32AF2EA}"
EndProject
Global
	GlobalSection(SolutionConfigurationPlatforms) = preSolution
		Debug|x64 = Debug|x64
		Debug|x86 = Debug|x86
		Release|x64 = Release|x64
		Release|x86 = Release|x86
	EndGlobalSection
	GlobalSection(ProjectConfigurationPlatforms) = postSolution
		{AB8FBF35-7785-43E1-8E95-090BC32AF2EA}.Debug|x64.ActiveCfg = Debug|x64
		{AB8FBF35-7785-43E1-8E95-090BC32AF2EA}.Debug|x64.Build.0 = Debug|x64
		{AB8FBF35-7785-43E1-8E95-090BC32AF2EA}.Debug|x86.ActiveCfg = Debug|Win32
		{AB8FBF35-7785-43E1-8E95-090BC32AF2EA}.Debug|x86.Build.0 = Debug|Win32
		{AB8FBF35-7785-43E1-8E95-090BC32AF2EA}.Release|x64.ActiveCfg = Release|x64
		{AB8FBF35-7785-43E1-8E95-090BC32AF2EA}.Release|x64.Build.0 = Release|x64
		{AB8FBF35-7785-43E1-8E95-090BC32AF2EA}.Release|x86.ActiveCfg = Release|Win32
		{AB8FBF35-7785-43E1-8E95-090BC32AF2EA}.Release|x86.Build.0 = Release|Win32
	EndGlobalSection
	GlobalSection(SolutionProperties) = preSolution
		HideSolutionNode = FALSE
	EndGlobalSection
	GlobalSection(ExtensibilityGlobals) = postSolution
		SolutionGuid = {C19AA530-6F91-4918-9AB8-540863815CC5}
	EndGlobalSection
EndGlobal
